// !$*UTF8*$!
{
	archiveVersion = 1;
	classes = {
	};
	objectVersion = 46;
	objects = {

/* Begin PBXBuildFile section */
		EC8056C91B91E13D00AA1CD1 /* AppDelegate.swift in Sources */ = {isa = PBXBuildFile; fileRef = EC8056C81B91E13D00AA1CD1 /* AppDelegate.swift */; };
		EC8056CB1B91E13D00AA1CD1 /* ViewController.swift in Sources */ = {isa = PBXBuildFile; fileRef = EC8056CA1B91E13D00AA1CD1 /* ViewController.swift */; };
		EC8056CE1B91E13D00AA1CD1 /* Main.storyboard in Resources */ = {isa = PBXBuildFile; fileRef = EC8056CC1B91E13D00AA1CD1 /* Main.storyboard */; };
		EC8056D01B91E13D00AA1CD1 /* Images.xcassets in Resources */ = {isa = PBXBuildFile; fileRef = EC8056CF1B91E13D00AA1CD1 /* Images.xcassets */; };
		EC8056D31B91E13D00AA1CD1 /* LaunchScreen.xib in Resources */ = {isa = PBXBuildFile; fileRef = EC8056D11B91E13D00AA1CD1 /* LaunchScreen.xib */; };
		EC8056DF1B91E13D00AA1CD1 /* NavajoTests.swift in Sources */ = {isa = PBXBuildFile; fileRef = EC8056DE1B91E13D00AA1CD1 /* NavajoTests.swift */; };
		EC8056EB1B91E1E000AA1CD1 /* Navajo.swift in Sources */ = {isa = PBXBuildFile; fileRef = EC8056EA1B91E1E000AA1CD1 /* Navajo.swift */; };
		EC8056EC1B91E27700AA1CD1 /* Navajo.swift in Sources */ = {isa = PBXBuildFile; fileRef = EC8056EA1B91E1E000AA1CD1 /* Navajo.swift */; };
		EC8056EF1B91E2C500AA1CD1 /* Localizable.strings in Resources */ = {isa = PBXBuildFile; fileRef = EC8056ED1B91E2C500AA1CD1 /* Localizable.strings */; };
		EC8645F31BC747EB00332F2E /* NJOPasswordValidator.swift in Sources */ = {isa = PBXBuildFile; fileRef = EC8645F21BC747EB00332F2E /* NJOPasswordValidator.swift */; };
		EC8645F51BC7484F00332F2E /* NJOPasswordRule.swift in Sources */ = {isa = PBXBuildFile; fileRef = EC8645F41BC7484F00332F2E /* NJOPasswordRule.swift */; };
		EC8645F61BC748B400332F2E /* NJOPasswordRule.swift in Sources */ = {isa = PBXBuildFile; fileRef = EC8645F41BC7484F00332F2E /* NJOPasswordRule.swift */; };
		EC8645F71BC748B700332F2E /* NJOPasswordValidator.swift in Sources */ = {isa = PBXBuildFile; fileRef = EC8645F21BC747EB00332F2E /* NJOPasswordValidator.swift */; };
/* End PBXBuildFile section */

/* Begin PBXContainerItemProxy section */
		EC8056D91B91E13D00AA1CD1 /* PBXContainerItemProxy */ = {
			isa = PBXContainerItemProxy;
			containerPortal = EC8056BB1B91E13D00AA1CD1 /* Project object */;
			proxyType = 1;
			remoteGlobalIDString = EC8056C21B91E13D00AA1CD1;
			remoteInfo = Navajo;
		};
/* End PBXContainerItemProxy section */

/* Begin PBXFileReference section */
		EC8056C31B91E13D00AA1CD1 /* Navajo.app */ = {isa = PBXFileReference; explicitFileType = wrapper.application; includeInIndex = 0; path = Navajo.app; sourceTree = BUILT_PRODUCTS_DIR; };
		EC8056C71B91E13D00AA1CD1 /* Info.plist */ = {isa = PBXFileReference; lastKnownFileType = text.plist.xml; path = Info.plist; sourceTree = "<group>"; };
		EC8056C81B91E13D00AA1CD1 /* AppDelegate.swift */ = {isa = PBXFileReference; lastKnownFileType = sourcecode.swift; path = AppDelegate.swift; sourceTree = "<group>"; };
		EC8056CA1B91E13D00AA1CD1 /* ViewController.swift */ = {isa = PBXFileReference; lastKnownFileType = sourcecode.swift; path = ViewController.swift; sourceTree = "<group>"; };
		EC8056CD1B91E13D00AA1CD1 /* Base */ = {isa = PBXFileReference; lastKnownFileType = file.storyboard; name = Base; path = Base.lproj/Main.storyboard; sourceTree = "<group>"; };
		EC8056CF1B91E13D00AA1CD1 /* Images.xcassets */ = {isa = PBXFileReference; lastKnownFileType = folder.assetcatalog; path = Images.xcassets; sourceTree = "<group>"; };
		EC8056D21B91E13D00AA1CD1 /* Base */ = {isa = PBXFileReference; lastKnownFileType = file.xib; name = Base; path = Base.lproj/LaunchScreen.xib; sourceTree = "<group>"; };
		EC8056D81B91E13D00AA1CD1 /* NavajoTests.xctest */ = {isa = PBXFileReference; explicitFileType = wrapper.cfbundle; includeInIndex = 0; path = NavajoTests.xctest; sourceTree = BUILT_PRODUCTS_DIR; };
		EC8056DD1B91E13D00AA1CD1 /* Info.plist */ = {isa = PBXFileReference; lastKnownFileType = text.plist.xml; path = Info.plist; sourceTree = "<group>"; };
		EC8056DE1B91E13D00AA1CD1 /* NavajoTests.swift */ = {isa = PBXFileReference; lastKnownFileType = sourcecode.swift; name = NavajoTests.swift; path = ../../Tests/NavajoTests.swift; sourceTree = "<group>"; };
		EC8056EA1B91E1E000AA1CD1 /* Navajo.swift */ = {isa = PBXFileReference; fileEncoding = 4; lastKnownFileType = sourcecode.swift; name = Navajo.swift; path = ../Source/Navajo.swift; sourceTree = SOURCE_ROOT; };
		EC8056EE1B91E2C500AA1CD1 /* Base */ = {isa = PBXFileReference; lastKnownFileType = text.plist.strings; name = Base; path = Navajo/Base.lproj/Localizable.strings; sourceTree = "<group>"; };
		EC8056F01B91E2EE00AA1CD1 /* ko */ = {isa = PBXFileReference; lastKnownFileType = text.plist.strings; name = ko; path = Navajo/ko.lproj/Localizable.strings; sourceTree = "<group>"; };
		EC8645F21BC747EB00332F2E /* NJOPasswordValidator.swift */ = {isa = PBXFileReference; fileEncoding = 4; lastKnownFileType = sourcecode.swift; name = NJOPasswordValidator.swift; path = ../../Source/NJOPasswordValidator.swift; sourceTree = "<group>"; };
		EC8645F41BC7484F00332F2E /* NJOPasswordRule.swift */ = {isa = PBXFileReference; fileEncoding = 4; lastKnownFileType = sourcecode.swift; name = NJOPasswordRule.swift; path = ../../Source/NJOPasswordRule.swift; sourceTree = "<group>"; };
/* End PBXFileReference section */

/* Begin PBXFrameworksBuildPhase section */
		EC8056C01B91E13D00AA1CD1 /* Frameworks */ = {
			isa = PBXFrameworksBuildPhase;
			buildActionMask = 2147483647;
			files = (
			);
			runOnlyForDeploymentPostprocessing = 0;
		};
		EC8056D51B91E13D00AA1CD1 /* Frameworks */ = {
			isa = PBXFrameworksBuildPhase;
			buildActionMask = 2147483647;
			files = (
			);
			runOnlyForDeploymentPostprocessing = 0;
		};
/* End PBXFrameworksBuildPhase section */

/* Begin PBXGroup section */
		EC8056BA1B91E13D00AA1CD1 = {
			isa = PBXGroup;
			children = (
				EC8056C51B91E13D00AA1CD1 /* Navajo */,
				EC8056DB1B91E13D00AA1CD1 /* NavajoTests */,
				ECE241381D8BAF6B000CCBFD /* Framework */,
				EC8056C41B91E13D00AA1CD1 /* Products */,
			);
			sourceTree = "<group>";
		};
		EC8056C41B91E13D00AA1CD1 /* Products */ = {
			isa = PBXGroup;
			children = (
				EC8056C31B91E13D00AA1CD1 /* Navajo.app */,
				EC8056D81B91E13D00AA1CD1 /* NavajoTests.xctest */,
			);
			name = Products;
			sourceTree = "<group>";
		};
		EC8056C51B91E13D00AA1CD1 /* Navajo */ = {
			isa = PBXGroup;
			children = (
				EC8056C81B91E13D00AA1CD1 /* AppDelegate.swift */,
				EC8056D11B91E13D00AA1CD1 /* LaunchScreen.xib */,
				EC8056CC1B91E13D00AA1CD1 /* Main.storyboard */,
				EC8056CA1B91E13D00AA1CD1 /* ViewController.swift */,
				ECE241371D8BAF60000CCBFD /* Asset */,
				EC8056C61B91E13D00AA1CD1 /* Supporting Files */,
			);
			path = Navajo;
			sourceTree = "<group>";
		};
		EC8056C61B91E13D00AA1CD1 /* Supporting Files */ = {
			isa = PBXGroup;
			children = (
				EC8056C71B91E13D00AA1CD1 /* Info.plist */,
			);
			name = "Supporting Files";
			sourceTree = "<group>";
		};
		EC8056DB1B91E13D00AA1CD1 /* NavajoTests */ = {
			isa = PBXGroup;
			children = (
				EC8056DE1B91E13D00AA1CD1 /* NavajoTests.swift */,
				EC8056DC1B91E13D00AA1CD1 /* Supporting Files */,
			);
			path = NavajoTests;
			sourceTree = "<group>";
		};
		EC8056DC1B91E13D00AA1CD1 /* Supporting Files */ = {
			isa = PBXGroup;
			children = (
				EC8056DD1B91E13D00AA1CD1 /* Info.plist */,
			);
			name = "Supporting Files";
			sourceTree = "<group>";
		};
		ECE241371D8BAF60000CCBFD /* Asset */ = {
			isa = PBXGroup;
			children = (
				EC8056CF1B91E13D00AA1CD1 /* Images.xcassets */,
				EC8056ED1B91E2C500AA1CD1 /* Localizable.strings */,
			);
			name = Asset;
			sourceTree = "<group>";
		};
		ECE241381D8BAF6B000CCBFD /* Framework */ = {
			isa = PBXGroup;
			children = (
				EC8056EA1B91E1E000AA1CD1 /* Navajo.swift */,
				EC8645F21BC747EB00332F2E /* NJOPasswordValidator.swift */,
				EC8645F41BC7484F00332F2E /* NJOPasswordRule.swift */,
			);
			name = Framework;
			path = Navajo;
			sourceTree = "<group>";
		};
/* End PBXGroup section */

/* Begin PBXNativeTarget section */
		EC8056C21B91E13D00AA1CD1 /* Navajo */ = {
			isa = PBXNativeTarget;
			buildConfigurationList = EC8056E21B91E13D00AA1CD1 /* Build configuration list for PBXNativeTarget "Navajo" */;
			buildPhases = (
				EC8056BF1B91E13D00AA1CD1 /* Sources */,
				EC8056C01B91E13D00AA1CD1 /* Frameworks */,
				EC8056C11B91E13D00AA1CD1 /* Resources */,
			);
			buildRules = (
			);
			dependencies = (
			);
			name = Navajo;
			productName = Navajo;
			productReference = EC8056C31B91E13D00AA1CD1 /* Navajo.app */;
			productType = "com.apple.product-type.application";
		};
		EC8056D71B91E13D00AA1CD1 /* NavajoTests */ = {
			isa = PBXNativeTarget;
			buildConfigurationList = EC8056E51B91E13D00AA1CD1 /* Build configuration list for PBXNativeTarget "NavajoTests" */;
			buildPhases = (
				EC8056D41B91E13D00AA1CD1 /* Sources */,
				EC8056D51B91E13D00AA1CD1 /* Frameworks */,
				EC8056D61B91E13D00AA1CD1 /* Resources */,
			);
			buildRules = (
			);
			dependencies = (
				EC8056DA1B91E13D00AA1CD1 /* PBXTargetDependency */,
			);
			name = NavajoTests;
			productName = NavajoTests;
			productReference = EC8056D81B91E13D00AA1CD1 /* NavajoTests.xctest */;
			productType = "com.apple.product-type.bundle.unit-test";
		};
/* End PBXNativeTarget section */

/* Begin PBXProject section */
		EC8056BB1B91E13D00AA1CD1 /* Project object */ = {
			isa = PBXProject;
			attributes = {
				LastSwiftMigration = 0700;
				LastSwiftUpdateCheck = 0700;
				LastUpgradeCheck = 0800;
				ORGANIZATIONNAME = "Jason Nam";
				TargetAttributes = {
					EC8056C21B91E13D00AA1CD1 = {
						CreatedOnToolsVersion = 6.4;
						LastSwiftMigration = 0800;
					};
					EC8056D71B91E13D00AA1CD1 = {
						CreatedOnToolsVersion = 6.4;
						LastSwiftMigration = 0800;
						TestTargetID = EC8056C21B91E13D00AA1CD1;
					};
				};
			};
			buildConfigurationList = EC8056BE1B91E13D00AA1CD1 /* Build configuration list for PBXProject "Navajo" */;
			compatibilityVersion = "Xcode 3.2";
			developmentRegion = English;
			hasScannedForEncodings = 0;
			knownRegions = (
				en,
				Base,
				ko,
			);
			mainGroup = EC8056BA1B91E13D00AA1CD1;
			productRefGroup = EC8056C41B91E13D00AA1CD1 /* Products */;
			projectDirPath = "";
			projectRoot = "";
			targets = (
				EC8056C21B91E13D00AA1CD1 /* Navajo */,
				EC8056D71B91E13D00AA1CD1 /* NavajoTests */,
			);
		};
/* End PBXProject section */

/* Begin PBXResourcesBuildPhase section */
		EC8056C11B91E13D00AA1CD1 /* Resources */ = {
			isa = PBXResourcesBuildPhase;
			buildActionMask = 2147483647;
			files = (
				EC8056CE1B91E13D00AA1CD1 /* Main.storyboard in Resources */,
				EC8056EF1B91E2C500AA1CD1 /* Localizable.strings in Resources */,
				EC8056D31B91E13D00AA1CD1 /* LaunchScreen.xib in Resources */,
				EC8056D01B91E13D00AA1CD1 /* Images.xcassets in Resources */,
			);
			runOnlyForDeploymentPostprocessing = 0;
		};
		EC8056D61B91E13D00AA1CD1 /* Resources */ = {
			isa = PBXResourcesBuildPhase;
			buildActionMask = 2147483647;
			files = (
			);
			runOnlyForDeploymentPostprocessing = 0;
		};
/* End PBXResourcesBuildPhase section */

/* Begin PBXSourcesBuildPhase section */
		EC8056BF1B91E13D00AA1CD1 /* Sources */ = {
			isa = PBXSourcesBuildPhase;
			buildActionMask = 2147483647;
			files = (
				EC8056CB1B91E13D00AA1CD1 /* ViewController.swift in Sources */,
				EC8645F31BC747EB00332F2E /* NJOPasswordValidator.swift in Sources */,
				EC8056EB1B91E1E000AA1CD1 /* Navajo.swift in Sources */,
				EC8056C91B91E13D00AA1CD1 /* AppDelegate.swift in Sources */,
				EC8645F51BC7484F00332F2E /* NJOPasswordRule.swift in Sources */,
			);
			runOnlyForDeploymentPostprocessing = 0;
		};
		EC8056D41B91E13D00AA1CD1 /* Sources */ = {
			isa = PBXSourcesBuildPhase;
			buildActionMask = 2147483647;
			files = (
				EC8056EC1B91E27700AA1CD1 /* Navajo.swift in Sources */,
				EC8645F71BC748B700332F2E /* NJOPasswordValidator.swift in Sources */,
				EC8645F61BC748B400332F2E /* NJOPasswordRule.swift in Sources */,
				EC8056DF1B91E13D00AA1CD1 /* NavajoTests.swift in Sources */,
			);
			runOnlyForDeploymentPostprocessing = 0;
		};
/* End PBXSourcesBuildPhase section */

/* Begin PBXTargetDependency section */
		EC8056DA1B91E13D00AA1CD1 /* PBXTargetDependency */ = {
			isa = PBXTargetDependency;
			target = EC8056C21B91E13D00AA1CD1 /* Navajo */;
			targetProxy = EC8056D91B91E13D00AA1CD1 /* PBXContainerItemProxy */;
		};
/* End PBXTargetDependency section */

/* Begin PBXVariantGroup section */
		EC8056CC1B91E13D00AA1CD1 /* Main.storyboard */ = {
			isa = PBXVariantGroup;
			children = (
				EC8056CD1B91E13D00AA1CD1 /* Base */,
			);
			name = Main.storyboard;
			sourceTree = "<group>";
		};
		EC8056D11B91E13D00AA1CD1 /* LaunchScreen.xib */ = {
			isa = PBXVariantGroup;
			children = (
				EC8056D21B91E13D00AA1CD1 /* Base */,
			);
			name = LaunchScreen.xib;
			sourceTree = "<group>";
		};
		EC8056ED1B91E2C500AA1CD1 /* Localizable.strings */ = {
			isa = PBXVariantGroup;
			children = (
				EC8056EE1B91E2C500AA1CD1 /* Base */,
				EC8056F01B91E2EE00AA1CD1 /* ko */,
			);
			name = Localizable.strings;
			path = ..;
			sourceTree = "<group>";
		};
/* End PBXVariantGroup section */

/* Begin XCBuildConfiguration section */
		EC8056E01B91E13D00AA1CD1 /* Debug */ = {
			isa = XCBuildConfiguration;
			buildSettings = {
				ALWAYS_SEARCH_USER_PATHS = NO;
				CLANG_ANALYZER_LOCALIZABILITY_NONLOCALIZED = YES;
				CLANG_CXX_LANGUAGE_STANDARD = "gnu++0x";
				CLANG_CXX_LIBRARY = "libc++";
				CLANG_ENABLE_MODULES = YES;
				CLANG_ENABLE_OBJC_ARC = YES;
				CLANG_WARN_BOOL_CONVERSION = YES;
				CLANG_WARN_CONSTANT_CONVERSION = YES;
				CLANG_WARN_DIRECT_OBJC_ISA_USAGE = YES_ERROR;
				CLANG_WARN_EMPTY_BODY = YES;
				CLANG_WARN_ENUM_CONVERSION = YES;
				CLANG_WARN_INFINITE_RECURSION = YES;
				CLANG_WARN_INT_CONVERSION = YES;
				CLANG_WARN_OBJC_ROOT_CLASS = YES_ERROR;
				CLANG_WARN_SUSPICIOUS_MOVE = YES;
				CLANG_WARN_UNREACHABLE_CODE = YES;
				CLANG_WARN__DUPLICATE_METHOD_MATCH = YES;
				"CODE_SIGN_IDENTITY[sdk=iphoneos*]" = "iPhone Developer";
				COPY_PHASE_STRIP = NO;
				DEBUG_INFORMATION_FORMAT = "dwarf-with-dsym";
				ENABLE_STRICT_OBJC_MSGSEND = YES;
				ENABLE_TESTABILITY = YES;
				GCC_C_LANGUAGE_STANDARD = gnu99;
				GCC_DYNAMIC_NO_PIC = NO;
				GCC_NO_COMMON_BLOCKS = YES;
				GCC_OPTIMIZATION_LEVEL = 0;
				GCC_PREPROCESSOR_DEFINITIONS = (
					"DEBUG=1",
					"$(inherited)",
				);
				GCC_SYMBOLS_PRIVATE_EXTERN = NO;
				GCC_WARN_64_TO_32_BIT_CONVERSION = YES;
				GCC_WARN_ABOUT_RETURN_TYPE = YES_ERROR;
				GCC_WARN_UNDECLARED_SELECTOR = YES;
				GCC_WARN_UNINITIALIZED_AUTOS = YES_AGGRESSIVE;
				GCC_WARN_UNUSED_FUNCTION = YES;
				GCC_WARN_UNUSED_VARIABLE = YES;
				IPHONEOS_DEPLOYMENT_TARGET = 8.0;
				MTL_ENABLE_DEBUG_INFO = YES;
				ONLY_ACTIVE_ARCH = YES;
				SDKROOT = iphoneos;
				SWIFT_OPTIMIZATION_LEVEL = "-Onone";
			};
			name = Debug;
		};
		EC8056E11B91E13D00AA1CD1 /* Release */ = {
			isa = XCBuildConfiguration;
			buildSettings = {
				ALWAYS_SEARCH_USER_PATHS = NO;
				CLANG_ANALYZER_LOCALIZABILITY_NONLOCALIZED = YES;
				CLANG_CXX_LANGUAGE_STANDARD = "gnu++0x";
				CLANG_CXX_LIBRARY = "libc++";
				CLANG_ENABLE_MODULES = YES;
				CLANG_ENABLE_OBJC_ARC = YES;
				CLANG_WARN_BOOL_CONVERSION = YES;
				CLANG_WARN_CONSTANT_CONVERSION = YES;
				CLANG_WARN_DIRECT_OBJC_ISA_USAGE = YES_ERROR;
				CLANG_WARN_EMPTY_BODY = YES;
				CLANG_WARN_ENUM_CONVERSION = YES;
				CLANG_WARN_INFINITE_RECURSION = YES;
				CLANG_WARN_INT_CONVERSION = YES;
				CLANG_WARN_OBJC_ROOT_CLASS = YES_ERROR;
				CLANG_WARN_SUSPICIOUS_MOVE = YES;
				CLANG_WARN_UNREACHABLE_CODE = YES;
				CLANG_WARN__DUPLICATE_METHOD_MATCH = YES;
				"CODE_SIGN_IDENTITY[sdk=iphoneos*]" = "iPhone Developer";
				COPY_PHASE_STRIP = NO;
				DEBUG_INFORMATION_FORMAT = "dwarf-with-dsym";
				ENABLE_NS_ASSERTIONS = NO;
				ENABLE_STRICT_OBJC_MSGSEND = YES;
				GCC_C_LANGUAGE_STANDARD = gnu99;
				GCC_NO_COMMON_BLOCKS = YES;
				GCC_WARN_64_TO_32_BIT_CONVERSION = YES;
				GCC_WARN_ABOUT_RETURN_TYPE = YES_ERROR;
				GCC_WARN_UNDECLARED_SELECTOR = YES;
				GCC_WARN_UNINITIALIZED_AUTOS = YES_AGGRESSIVE;
				GCC_WARN_UNUSED_FUNCTION = YES;
				GCC_WARN_UNUSED_VARIABLE = YES;
				IPHONEOS_DEPLOYMENT_TARGET = 8.0;
				MTL_ENABLE_DEBUG_INFO = NO;
				SDKROOT = iphoneos;
				SWIFT_OPTIMIZATION_LEVEL = "-Owholemodule";
				VALIDATE_PRODUCT = YES;
			};
			name = Release;
		};
		EC8056E31B91E13D00AA1CD1 /* Debug */ = {
			isa = XCBuildConfiguration;
			buildSettings = {
				ASSETCATALOG_COMPILER_APPICON_NAME = AppIcon;
				INFOPLIST_FILE = Navajo/Info.plist;
				LD_RUNPATH_SEARCH_PATHS = "$(inherited) @executable_path/Frameworks";
				PRODUCT_BUNDLE_IDENTIFIER = "com.jasonnam.$(PRODUCT_NAME:rfc1034identifier)";
				PRODUCT_NAME = "$(TARGET_NAME)";
				SWIFT_VERSION = 3.0;
			};
			name = Debug;
		};
		EC8056E41B91E13D00AA1CD1 /* Release */ = {
			isa = XCBuildConfiguration;
			buildSettings = {
				ASSETCATALOG_COMPILER_APPICON_NAME = AppIcon;
				INFOPLIST_FILE = Navajo/Info.plist;
				LD_RUNPATH_SEARCH_PATHS = "$(inherited) @executable_path/Frameworks";
				PRODUCT_BUNDLE_IDENTIFIER = "com.jasonnam.$(PRODUCT_NAME:rfc1034identifier)";
				PRODUCT_NAME = "$(TARGET_NAME)";
				SWIFT_VERSION = 3.0;
			};
			name = Release;
		};
		EC8056E61B91E13D00AA1CD1 /* Debug */ = {
			isa = XCBuildConfiguration;
			buildSettings = {
				BUNDLE_LOADER = "$(TEST_HOST)";
				FRAMEWORK_SEARCH_PATHS = "$(inherited)";
				GCC_PREPROCESSOR_DEFINITIONS = (
					"DEBUG=1",
					"$(inherited)",
				);
				INFOPLIST_FILE = NavajoTests/Info.plist;
				LD_RUNPATH_SEARCH_PATHS = "$(inherited) @executable_path/Frameworks @loader_path/Frameworks";
				PRODUCT_BUNDLE_IDENTIFIER = "com.jasonnam.$(PRODUCT_NAME:rfc1034identifier)";
				PRODUCT_NAME = "$(TARGET_NAME)";
				SWIFT_VERSION = 3.0;
				TEST_HOST = "$(BUILT_PRODUCTS_DIR)/Navajo.app/Navajo";
			};
			name = Debug;
		};
		EC8056E71B91E13D00AA1CD1 /* Release */ = {
			isa = XCBuildConfiguration;
			buildSettings = {
				BUNDLE_LOADER = "$(TEST_HOST)";
				FRAMEWORK_SEARCH_PATHS = "$(inherited)";
				INFOPLIST_FILE = NavajoTests/Info.plist;
				LD_RUNPATH_SEARCH_PATHS = "$(inherited) @executable_path/Frameworks @loader_path/Frameworks";
				PRODUCT_BUNDLE_IDENTIFIER = "com.jasonnam.$(PRODUCT_NAME:rfc1034identifier)";
				PRODUCT_NAME = "$(TARGET_NAME)";
				SWIFT_VERSION = 3.0;
				TEST_HOST = "$(BUILT_PRODUCTS_DIR)/Navajo.app/Navajo";
			};
			name = Release;
		};
/* End XCBuildConfiguration section */

/* Begin XCConfigurationList section */
		EC8056BE1B91E13D00AA1CD1 /* Build configuration list for PBXProject "Navajo" */ = {
			isa = XCConfigurationList;
			buildConfigurations = (
				EC8056E01B91E13D00AA1CD1 /* Debug */,
				EC8056E11B91E13D00AA1CD1 /* Release */,
			);
			defaultConfigurationIsVisible = 0;
			defaultConfigurationName = Release;
		};
		EC8056E21B91E13D00AA1CD1 /* Build configuration list for PBXNativeTarget "Navajo" */ = {
			isa = XCConfigurationList;
			buildConfigurations = (
				EC8056E31B91E13D00AA1CD1 /* Debug */,
				EC8056E41B91E13D00AA1CD1 /* Release */,
			);
			defaultConfigurationIsVisible = 0;
			defaultConfigurationName = Release;
		};
		EC8056E51B91E13D00AA1CD1 /* Build configuration list for PBXNativeTarget "NavajoTests" */ = {
			isa = XCConfigurationList;
			buildConfigurations = (
				EC8056E61B91E13D00AA1CD1 /* Debug */,
				EC8056E71B91E13D00AA1CD1 /* Release */,
			);
			defaultConfigurationIsVisible = 0;
			defaultConfigurationName = Release;
		};
/* End XCConfigurationList section */
	};
	rootObject = EC8056BB1B91E13D00AA1CD1 /* Project object */;
}
